Microsoft Visual Studio Solution File, Format Version 12.00
# Visual Studio Version 16
VisualStudioVersion = 16.0.30114.105
MinimumVisualStudioVersion = 10.0.40219.1
Project("{9A19103F-16F7-4668-BE54-9A1E7A4F7556}") = "Rabbita.Core", "Rabbita.Core\Rabbita.Core.csproj", "{908ACEAF-E1C7-475E-B641-E1FCC636E6C0}"
EndProject
Project("{9A19103F-16F7-4668-BE54-9A1E7A4F7556}") = "Rabbita.InProc", "Rabbita.InProc\Rabbita.InProc.csproj", "{7526B894-B015-4A34-B414-2BDE901CF771}"
EndProject
Project("{2150E333-8FDC-42A3-9474-1A3956D46DE8}") = "Solution Items", "Solution Items", "{59A027A0-E7EB-4CF7-9E99-3D3188A701EB}"
	ProjectSection(SolutionItems) = preProject
		NuGet.config = NuGet.config
	EndProjectSection
EndProject
Project("{9A19103F-16F7-4668-BE54-9A1E7A4F7556}") = "Rabbita.Entity", "Rabbita.Entity\Rabbita.Entity.csproj", "{DEED193C-46A0-4BE1-9B55-E7C2540766D8}"
EndProject
Project("{9A19103F-16F7-4668-BE54-9A1E7A4F7556}") = "Rabbita.Mq", "Rabbita.Mq\Rabbita.Mq.csproj", "{97DD0503-7234-4659-8D58-7FC6C2345003}"
EndProject
Project("{9A19103F-16F7-4668-BE54-9A1E7A4F7556}") = "Rabbita.Entity.MariaDbTarget", "Rabbita.Entity.MariaDbTarget\Rabbita.Entity.MariaDbTarget.csproj", "{7DF854AA-48AE-430C-B998-542230E97B5E}"
EndProject
Project("{FAE04EC0-301F-11D3-BF4B-00C04F79EFBC}") = "Rabbita.Mq.Abstraction", "Rabbita.Mq.Abstraction\Rabbita.Mq.Abstraction.csproj", "{274B8637-CC8A-4001-A742-23D72E1E149C}"
EndProject
Project("{2150E333-8FDC-42A3-9474-1A3956D46DE8}") = "Example", "Example", "{2555CF8F-B01B-481A-A526-3142659B7177}"
EndProject
Project("{FAE04EC0-301F-11D3-BF4B-00C04F79EFBC}") = "ExampleInproc", "Example\ExampleInproc\ExampleInproc.csproj", "{D8BB3605-B83A-46CC-9623-7C5BF7FF724A}"
EndProject
Project("{FAE04EC0-301F-11D3-BF4B-00C04F79EFBC}") = "ExampleMq", "Example\ExampleMq\ExampleMq.csproj", "{B99C89DD-C9F2-435A-84BE-FC444EA8B9F1}"
EndProject
Global
	GlobalSection(SolutionConfigurationPlatforms) = preSolution
		Debug|Any CPU = Debug|Any CPU
		Release|Any CPU = Release|Any CPU
	EndGlobalSection
	GlobalSection(ProjectConfigurationPlatforms) = postSolution
		{908ACEAF-E1C7-475E-B641-E1FCC636E6C0}.Debug|Any CPU.ActiveCfg = Debug|Any CPU
		{908ACEAF-E1C7-475E-B641-E1FCC636E6C0}.Debug|Any CPU.Build.0 = Debug|Any CPU
		{908ACEAF-E1C7-475E-B641-E1FCC636E6C0}.Release|Any CPU.ActiveCfg = Release|Any CPU
		{908ACEAF-E1C7-475E-B641-E1FCC636E6C0}.Release|Any CPU.Build.0 = Release|Any CPU
		{7526B894-B015-4A34-B414-2BDE901CF771}.Debug|Any CPU.ActiveCfg = Debug|Any CPU
		{7526B894-B015-4A34-B414-2BDE901CF771}.Debug|Any CPU.Build.0 = Debug|Any CPU
		{7526B894-B015-4A34-B414-2BDE901CF771}.Release|Any CPU.ActiveCfg = Release|Any CPU
		{7526B894-B015-4A34-B414-2BDE901CF771}.Release|Any CPU.Build.0 = Release|Any CPU
		{DEED193C-46A0-4BE1-9B55-E7C2540766D8}.Debug|Any CPU.ActiveCfg = Debug|Any CPU
		{DEED193C-46A0-4BE1-9B55-E7C2540766D8}.Debug|Any CPU.Build.0 = Debug|Any CPU
		{DEED193C-46A0-4BE1-9B55-E7C2540766D8}.Release|Any CPU.ActiveCfg = Release|Any CPU
		{DEED193C-46A0-4BE1-9B55-E7C2540766D8}.Release|Any CPU.Build.0 = Release|Any CPU
		{97DD0503-7234-4659-8D58-7FC6C2345003}.Debug|Any CPU.ActiveCfg = Debug|Any CPU
		{97DD0503-7234-4659-8D58-7FC6C2345003}.Debug|Any CPU.Build.0 = Debug|Any CPU
		{97DD0503-7234-4659-8D58-7FC6C2345003}.Release|Any CPU.ActiveCfg = Release|Any CPU
		{97DD0503-7234-4659-8D58-7FC6C2345003}.Release|Any CPU.Build.0 = Release|Any CPU
		{7DF854AA-48AE-430C-B998-542230E97B5E}.Debug|Any CPU.ActiveCfg = Debug|Any CPU
		{7DF854AA-48AE-430C-B998-542230E97B5E}.Debug|Any CPU.Build.0 = Debug|Any CPU
		{7DF854AA-48AE-430C-B998-542230E97B5E}.Release|Any CPU.ActiveCfg = Release|Any CPU
		{7DF854AA-48AE-430C-B998-542230E97B5E}.Release|Any CPU.Build.0 = Release|Any CPU
		{274B8637-CC8A-4001-A742-23D72E1E149C}.Debug|Any CPU.ActiveCfg = Debug|Any CPU
		{274B8637-CC8A-4001-A742-23D72E1E149C}.Debug|Any CPU.Build.0 = Debug|Any CPU
		{274B8637-CC8A-4001-A742-23D72E1E149C}.Release|Any CPU.ActiveCfg = Release|Any CPU
		{274B8637-CC8A-4001-A742-23D72E1E149C}.Release|Any CPU.Build.0 = Release|Any CPU
		{D8BB3605-B83A-46CC-9623-7C5BF7FF724A}.Debug|Any CPU.ActiveCfg = Debug|Any CPU
		{D8BB3605-B83A-46CC-9623-7C5BF7FF724A}.Debug|Any CPU.Build.0 = Debug|Any CPU
		{D8BB3605-B83A-46CC-9623-7C5BF7FF724A}.Release|Any CPU.ActiveCfg = Release|Any CPU
		{D8BB3605-B83A-46CC-9623-7C5BF7FF724A}.Release|Any CPU.Build.0 = Release|Any CPU
		{B99C89DD-C9F2-435A-84BE-FC444EA8B9F1}.Debug|Any CPU.ActiveCfg = Debug|Any CPU
		{B99C89DD-C9F2-435A-84BE-FC444EA8B9F1}.Debug|Any CPU.Build.0 = Debug|Any CPU
		{B99C89DD-C9F2-435A-84BE-FC444EA8B9F1}.Release|Any CPU.ActiveCfg = Release|Any CPU
		{B99C89DD-C9F2-435A-84BE-FC444EA8B9F1}.Release|Any CPU.Build.0 = Release|Any CPU
	EndGlobalSection
	GlobalSection(SolutionProperties) = preSolution
		HideSolutionNode = FALSE
	EndGlobalSection
	GlobalSection(ExtensibilityGlobals) = postSolution
		SolutionGuid = {AF7554E4-325A-4BD4-BCE0-7B3124660579}
	EndGlobalSection
	GlobalSection(NestedProjects) = preSolution
		{D8BB3605-B83A-46CC-9623-7C5BF7FF724A} = {2555CF8F-B01B-481A-A526-3142659B7177}
		{B99C89DD-C9F2-435A-84BE-FC444EA8B9F1} = {2555CF8F-B01B-481A-A526-3142659B7177}
	EndGlobalSection
EndGlobal
